
Microsoft Visual Studio Solution File, Format Version 12.00
# Visual Studio Version 16
VisualStudioVersion = 16.0.30611.23
MinimumVisualStudioVersion = 10.0.40219.1
Project("{FAE04EC0-301F-11D3-BF4B-00C04F79EFBC}") = "ConsoleApp1", "ConsoleApp1\ConsoleApp1.csproj", "{25978469-7C74-4D22-9B1C-3CF60D448156}"
EndProject
Project("{8BC9CEB8-8B4A-11D0-8D11-00A0C91BC942}") = "MyComLibTest", "MyComLibTest\MyComLibTest.vcxproj", "{61058857-32AD-4357-A979-14B680584886}"
EndProject
Global
	GlobalSection(SolutionConfigurationPlatforms) = preSolution
		Debug|Any CPU = Debug|Any CPU
		Debug|x64 = Debug|x64
		Debug|x86 = Debug|x86
		Release|Any CPU = Release|Any CPU
		Release|x64 = Release|x64
		Release|x86 = Release|x86
	EndGlobalSection
	GlobalSection(ProjectConfigurationPlatforms) = postSolution
		{25978469-7C74-4D22-9B1C-3CF60D448156}.Debug|Any CPU.ActiveCfg = Debug|Any CPU
		{25978469-7C74-4D22-9B1C-3CF60D448156}.Debug|Any CPU.Build.0 = Debug|Any CPU
		{25978469-7C74-4D22-9B1C-3CF60D448156}.Debug|x64.ActiveCfg = Debug|Any CPU
		{25978469-7C74-4D22-9B1C-3CF60D448156}.Debug|x64.Build.0 = Debug|Any CPU
		{25978469-7C74-4D22-9B1C-3CF60D448156}.Debug|x86.ActiveCfg = Debug|Any CPU
		{25978469-7C74-4D22-9B1C-3CF60D448156}.Debug|x86.Build.0 = Debug|Any CPU
		{25978469-7C74-4D22-9B1C-3CF60D448156}.Release|Any CPU.ActiveCfg = Release|Any CPU
		{25978469-7C74-4D22-9B1C-3CF60D448156}.Release|Any CPU.Build.0 = Release|Any CPU
		{25978469-7C74-4D22-9B1C-3CF60D448156}.Release|x64.ActiveCfg = Release|Any CPU
		{25978469-7C74-4D22-9B1C-3CF60D448156}.Release|x64.Build.0 = Release|Any CPU
		{25978469-7C74-4D22-9B1C-3CF60D448156}.Release|x86.ActiveCfg = Release|Any CPU
		{25978469-7C74-4D22-9B1C-3CF60D448156}.Release|x86.Build.0 = Release|Any CPU
		{61058857-32AD-4357-A979-14B680584886}.Debug|Any CPU.ActiveCfg = Debug|Win32
		{61058857-32AD-4357-A979-14B680584886}.Debug|x64.ActiveCfg = Debug|x64
		{61058857-32AD-4357-A979-14B680584886}.Debug|x64.Build.0 = Debug|x64
		{61058857-32AD-4357-A979-14B680584886}.Debug|x86.ActiveCfg = Debug|x64
		{61058857-32AD-4357-A979-14B680584886}.Debug|x86.Build.0 = Debug|x64
		{61058857-32AD-4357-A979-14B680584886}.Release|Any CPU.ActiveCfg = Release|Win32
		{61058857-32AD-4357-A979-14B680584886}.Release|x64.ActiveCfg = Release|x64
		{61058857-32AD-4357-A979-14B680584886}.Release|x64.Build.0 = Release|x64
		{61058857-32AD-4357-A979-14B680584886}.Release|x86.ActiveCfg = Release|Win32
		{61058857-32AD-4357-A979-14B680584886}.Release|x86.Build.0 = Release|Win32
	EndGlobalSection
	GlobalSection(SolutionProperties) = preSolution
		HideSolutionNode = FALSE
	EndGlobalSection
	GlobalSection(ExtensibilityGlobals) = postSolution
		SolutionGuid = {86F5ACD0-E35D-4A5F-806D-DCE7E41BCB51}
	EndGlobalSection
EndGlobal
